PODS:
  - GoogleMaps (2.7.0):
    - GoogleMaps/Maps (= 2.7.0)
  - GoogleMaps/Base (2.7.0)
  - GoogleMaps/Maps (2.7.0):
    - GoogleMaps/Base
  - Toast-Swift (3.0.1)

DEPENDENCIES:
  - GoogleMaps
  - Toast-Swift

SPEC REPOS:
  https://github.com/cocoapods/specs.git:
    - GoogleMaps
    - Toast-Swift

SPEC CHECKSUMS:
  GoogleMaps: f79af95cb24d869457b1f961c93d3ce8b2f3b848
  Toast-Swift: ba0b01b095aada709d915f9beb1d38184a2721c3

PODFILE CHECKSUM: 8de78121dc9cf41d94e6faef1b40767f5c8ae039

COCOAPODS: 1.5.3
